
Microsoft Visual Studio Solution File, Format Version 12.00
Project("{FAE04EC0-301F-11D3-BF4B-00C04F79EFBC}") = "Lessson8", "Lessson8\Lessson8.csproj", "{AAEC844A-A538-4A39-B13B-4776DF42E09E}"
EndProject
Global
	GlobalSection(SolutionConfigurationPlatforms) = preSolution
		Debug|Any CPU = Debug|Any CPU
		Release|Any CPU = Release|Any CPU
	EndGlobalSection
	GlobalSection(ProjectConfigurationPlatforms) = postSolution
		{AAEC844A-A538-4A39-B13B-4776DF42E09E}.Debug|Any CPU.ActiveCfg = Debug|Any CPU
		{AAEC844A-A538-4A39-B13B-4776DF42E09E}.Debug|Any CPU.Build.0 = Debug|Any CPU
		{AAEC844A-A538-4A39-B13B-4776DF42E09E}.Release|Any CPU.ActiveCfg = Release|Any CPU
		{AAEC844A-A538-4A39-B13B-4776DF42E09E}.Release|Any CPU.Build.0 = Release|Any CPU
	EndGlobalSection
EndGlobal
